github.com/goccy/go-reflect v1.2.0 h1:O0T8rZCuNmGXewnATuKYnkL0xm6o8UNOJZd/gOkb9ms=
github.com/goccy/go-reflect v1.2.0/go.mod h1:n0oYZn8VcV2CkWTxi8B9QjkCoq6GTtCEdfmR66YhFtE=
github.com/just-do-halee/lum v0.2.0 h1:YirQJiUfzgBGodY4PbhO/N5+rJOw4T6+cIGuL4i3WYE=
github.com/just-do-halee/refl v0.2.0 h1:cWpGwvOsTr5LkfXConAD7/xIZ7WWOK350b7kgoJmOQ8=
github.com/just-do-halee/refl v0.2.0/go.mod h1:rglpPmCoshqafK4OuIito8Yc25nb3YXVVkhAQ/EVZ1U=
github.com/just-do-halee/refl v0.3.0 h1:V+YWO1RpYqzuQPOU8zYKFCpMJoO2kcj659LYhL7nte0=
github.com/just-do-halee/refl v0.3.0/go.mod h1:rglpPmCoshqafK4OuIito8Yc25nb3YXVVkhAQ/EVZ1U=
