github.com/goccy/go-reflect v1.2.0 h1:O0T8rZCuNmGXewnATuKYnkL0xm6o8UNOJZd/gOkb9ms=
github.com/goccy/go-reflect v1.2.0/go.mod h1:n0oYZn8VcV2CkWTxi8B9QjkCoq6GTtCEdfmR66YhFtE=
github.com/just-do-halee/lum v0.7.0 h1:xUWCQ/UMrZ8hbT0YtMMZ5aF/EREbtjJXap2AObMPv+g=
github.com/just-do-halee/lum v0.7.0/go.mod h1:yF8cFmT2AVVrPqadupSQqw9jZno+ul4Te3q1e2czVCs=
github.com/just-do-halee/refl v0.3.0 h1:V+YWO1RpYqzuQPOU8zYKFCpMJoO2kcj659LYhL7nte0=
github.com/just-do-halee/refl v0.3.0/go.mod h1:rglpPmCoshqafK4OuIito8Yc25nb3YXVVkhAQ/EVZ1U=
